// !$*UTF8*$!
{
	archiveVersion = 1;
	classes = {
	};
	objectVersion = 77;
	objects = {

/* Begin PBXContainerItemProxy section */
		8884C91B2D906DEF0035EF6F /* PBXContainerItemProxy */ = {
			isa = PBXContainerItemProxy;
			containerPortal = 8884C9022D906DEE0035EF6F /* Project object */;
			proxyType = 1;
			remoteGlobalIDString = 8884C9092D906DEE0035EF6F;
			remoteInfo = PokemonCards;
		};
		8884C9252D906DEF0035EF6F /* PBXContainerItemProxy */ = {
			isa = PBXContainerItemProxy;
			containerPortal = 8884C9022D906DEE0035EF6F /* Project object */;
			proxyType = 1;
			remoteGlobalIDString = 8884C9092D906DEE0035EF6F;
			remoteInfo = PokemonCards;
		};
/* End PBXContainerItemProxy section */

/* Begin PBXFileReference section */
		8884C90A2D906DEE0035EF6F /* PokemonCards.app */ = {isa = PBXFileReference; explicitFileType = wrapper.application; includeInIndex = 0; path = PokemonCards.app; sourceTree = BUILT_PRODUCTS_DIR; };
		8884C91A2D906DEF0035EF6F /* PokemonCardsTests.xctest */ = {isa = PBXFileReference; explicitFileType = wrapper.cfbundle; includeInIndex = 0; path = PokemonCardsTests.xctest; sourceTree = BUILT_PRODUCTS_DIR; };
		8884C9242D906DEF0035EF6F /* PokemonCardsUITests.xctest */ = {isa = PBXFileReference; explicitFileType = wrapper.cfbundle; includeInIndex = 0; path = PokemonCardsUITests.xctest; sourceTree = BUILT_PRODUCTS_DIR; };
/* End PBXFileReference section */

/* Begin PBXFileSystemSynchronizedRootGroup section */
		8884C90C2D906DEE0035EF6F /* PokemonCards */ = {
			isa = PBXFileSystemSynchronizedRootGroup;
			path = PokemonCards;
			sourceTree = "<group>";
		};
		8884C91D2D906DEF0035EF6F /* PokemonCardsTests */ = {
			isa = PBXFileSystemSynchronizedRootGroup;
			path = PokemonCardsTests;
			sourceTree = "<group>";
		};
		8884C9272D906DEF0035EF6F /* PokemonCardsUITests */ = {
			isa = PBXFileSystemSynchronizedRootGroup;
			path = PokemonCardsUITests;
			sourceTree = "<group>";
		};
/* End PBXFileSystemSynchronizedRootGroup section */

/* Begin PBXFrameworksBuildPhase section */
		8884C9072D906DEE0035EF6F /* Frameworks */ = {
			isa = PBXFrameworksBuildPhase;
			buildActionMask = 2147483647;
			files = (
			);
			runOnlyForDeploymentPostprocessing = 0;
		};
		8884C9172D906DEF0035EF6F /* Frameworks */ = {
			isa = PBXFrameworksBuildPhase;
			buildActionMask = 2147483647;
			files = (
			);
			runOnlyForDeploymentPostprocessing = 0;
		};
		8884C9212D906DEF0035EF6F /* Frameworks */ = {
			isa = PBXFrameworksBuildPhase;
			buildActionMask = 2147483647;
			files = (
			);
			runOnlyForDeploymentPostprocessing = 0;
		};
/* End PBXFrameworksBuildPhase section */

/* Begin PBXGroup section */
		8884C9012D906DEE0035EF6F = {
			isa = PBXGroup;
			children = (
				8884C90C2D906DEE0035EF6F /* PokemonCards */,
				8884C91D2D906DEF0035EF6F /* PokemonCardsTests */,
				8884C9272D906DEF0035EF6F /* PokemonCardsUITests */,
				8884C90B2D906DEE0035EF6F /* Products */,
			);
			sourceTree = "<group>";
		};
		8884C90B2D906DEE0035EF6F /* Products */ = {
			isa = PBXGroup;
			children = (
				8884C90A2D906DEE0035EF6F /* PokemonCards.app */,
				8884C91A2D906DEF0035EF6F /* PokemonCardsTests.xctest */,
				8884C9242D906DEF0035EF6F /* PokemonCardsUITests.xctest */,
			);
			name = Products;
			sourceTree = "<group>";
		};
/* End PBXGroup section */

/* Begin PBXNativeTarget section */
		8884C9092D906DEE0035EF6F /* PokemonCards */ = {
			isa = PBXNativeTarget;
			buildConfigurationList = 8884C92E2D906DEF0035EF6F /* Build configuration list for PBXNativeTarget "PokemonCards" */;
			buildPhases = (
				8884C9062D906DEE0035EF6F /* Sources */,
				8884C9072D906DEE0035EF6F /* Frameworks */,
				8884C9082D906DEE0035EF6F /* Resources */,
			);
			buildRules = (
			);
			dependencies = (
			);
			fileSystemSynchronizedGroups = (
				8884C90C2D906DEE0035EF6F /* PokemonCards */,
			);
			name = PokemonCards;
			packageProductDependencies = (
			);
			productName = PokemonCards;
			productReference = 8884C90A2D906DEE0035EF6F /* PokemonCards.app */;
			productType = "com.apple.product-type.application";
		};
		8884C9192D906DEF0035EF6F /* PokemonCardsTests */ = {
			isa = PBXNativeTarget;
			buildConfigurationList = 8884C9312D906DEF0035EF6F /* Build configuration list for PBXNativeTarget "PokemonCardsTests" */;
			buildPhases = (
				8884C9162D906DEF0035EF6F /* Sources */,
				8884C9172D906DEF0035EF6F /* Frameworks */,
				8884C9182D906DEF0035EF6F /* Resources */,
			);
			buildRules = (
			);
			dependencies = (
				8884C91C2D906DEF0035EF6F /* PBXTargetDependency */,
			);
			fileSystemSynchronizedGroups = (
				8884C91D2D906DEF0035EF6F /* PokemonCardsTests */,
			);
			name = PokemonCardsTests;
			packageProductDependencies = (
			);
			productName = PokemonCardsTests;
			productReference = 8884C91A2D906DEF0035EF6F /* PokemonCardsTests.xctest */;
			productType = "com.apple.product-type.bundle.unit-test";
		};
		8884C9232D906DEF0035EF6F /* PokemonCardsUITests */ = {
			isa = PBXNativeTarget;
			buildConfigurationList = 8884C9342D906DEF0035EF6F /* Build configuration list for PBXNativeTarget "PokemonCardsUITests" */;
			buildPhases = (
				8884C9202D906DEF0035EF6F /* Sources */,
				8884C9212D906DEF0035EF6F /* Frameworks */,
				8884C9222D906DEF0035EF6F /* Resources */,
			);
			buildRules = (
			);
			dependencies = (
				8884C9262D906DEF0035EF6F /* PBXTargetDependency */,
			);
			fileSystemSynchronizedGroups = (
				8884C9272D906DEF0035EF6F /* PokemonCardsUITests */,
			);
			name = PokemonCardsUITests;
			packageProductDependencies = (
			);
			productName = PokemonCardsUITests;
			productReference = 8884C9242D906DEF0035EF6F /* PokemonCardsUITests.xctest */;
			productType = "com.apple.product-type.bundle.ui-testing";
		};
/* End PBXNativeTarget section */

/* Begin PBXProject section */
		8884C9022D906DEE0035EF6F /* Project object */ = {
			isa = PBXProject;
			attributes = {
				BuildIndependentTargetsInParallel = 1;
				LastSwiftUpdateCheck = 1620;
				LastUpgradeCheck = 1620;
				TargetAttributes = {
					8884C9092D906DEE0035EF6F = {
						CreatedOnToolsVersion = 16.2;
					};
					8884C9192D906DEF0035EF6F = {
						CreatedOnToolsVersion = 16.2;
						TestTargetID = 8884C9092D906DEE0035EF6F;
					};
					8884C9232D906DEF0035EF6F = {
						CreatedOnToolsVersion = 16.2;
						TestTargetID = 8884C9092D906DEE0035EF6F;
					};
				};
			};
			buildConfigurationList = 8884C9052D906DEE0035EF6F /* Build configuration list for PBXProject "PokemonCards" */;
			developmentRegion = en;
			hasScannedForEncodings = 0;
			knownRegions = (
				en,
				Base,
			);
			mainGroup = 8884C9012D906DEE0035EF6F;
			minimizedProjectReferenceProxies = 1;
			preferredProjectObjectVersion = 77;
			productRefGroup = 8884C90B2D906DEE0035EF6F /* Products */;
			projectDirPath = "";
			projectRoot = "";
			targets = (
				8884C9092D906DEE0035EF6F /* PokemonCards */,
				8884C9192D906DEF0035EF6F /* PokemonCardsTests */,
				8884C9232D906DEF0035EF6F /* PokemonCardsUITests */,
			);
		};
/* End PBXProject section */

/* Begin PBXResourcesBuildPhase section */
		8884C9082D906DEE0035EF6F /* Resources */ = {
			isa = PBXResourcesBuildPhase;
			buildActionMask = 2147483647;
			files = (
			);
			runOnlyForDeploymentPostprocessing = 0;
		};
		8884C9182D906DEF0035EF6F /* Resources */ = {
			isa = PBXResourcesBuildPhase;
			buildActionMask = 2147483647;
			files = (
			);
			runOnlyForDeploymentPostprocessing = 0;
		};
		8884C9222D906DEF0035EF6F /* Resources */ = {
			isa = PBXResourcesBuildPhase;
			buildActionMask = 2147483647;
			files = (
			);
			runOnlyForDeploymentPostprocessing = 0;
		};
/* End PBXResourcesBuildPhase section */

/* Begin PBXSourcesBuildPhase section */
		8884C9062D906DEE0035EF6F /* Sources */ = {
			isa = PBXSourcesBuildPhase;
			buildActionMask = 2147483647;
			files = (
			);
			runOnlyForDeploymentPostprocessing = 0;
		};
		8884C9162D906DEF0035EF6F /* Sources */ = {
			isa = PBXSourcesBuildPhase;
			buildActionMask = 2147483647;
			files = (
			);
			runOnlyForDeploymentPostprocessing = 0;
		};
		8884C9202D906DEF0035EF6F /* Sources */ = {
			isa = PBXSourcesBuildPhase;
			buildActionMask = 2147483647;
			files = (
			);
			runOnlyForDeploymentPostprocessing = 0;
		};
/* End PBXSourcesBuildPhase section */

/* Begin PBXTargetDependency section */
		8884C91C2D906DEF0035EF6F /* PBXTargetDependency */ = {
			isa = PBXTargetDependency;
			target = 8884C9092D906DEE0035EF6F /* PokemonCards */;
			targetProxy = 8884C91B2D906DEF0035EF6F /* PBXContainerItemProxy */;
		};
		8884C9262D906DEF0035EF6F /* PBXTargetDependency */ = {
			isa = PBXTargetDependency;
			target = 8884C9092D906DEE0035EF6F /* PokemonCards */;
			targetProxy = 8884C9252D906DEF0035EF6F /* PBXContainerItemProxy */;
		};
/* End PBXTargetDependency section */

/* Begin XCBuildConfiguration section */
		8884C92C2D906DEF0035EF6F /* Debug */ = {
			isa = XCBuildConfiguration;
			buildSettings = {
				ALWAYS_SEARCH_USER_PATHS = NO;
				ASSETCATALOG_COMPILER_GENERATE_SWIFT_ASSET_SYMBOL_EXTENSIONS = YES;
				CLANG_ANALYZER_NONNULL = YES;
				CLANG_ANALYZER_NUMBER_OBJECT_CONVERSION = YES_AGGRESSIVE;
				CLANG_CXX_LANGUAGE_STANDARD = "gnu++20";
				CLANG_ENABLE_MODULES = YES;
				CLANG_ENABLE_OBJC_ARC = YES;
				CLANG_ENABLE_OBJC_WEAK = YES;
				CLANG_WARN_BLOCK_CAPTURE_AUTORELEASING = YES;
				CLANG_WARN_BOOL_CONVERSION = YES;
				CLANG_WARN_COMMA = YES;
				CLANG_WARN_CONSTANT_CONVERSION = YES;
				CLANG_WARN_DEPRECATED_OBJC_IMPLEMENTATIONS = YES;
				CLANG_WARN_DIRECT_OBJC_ISA_USAGE = YES_ERROR;
				CLANG_WARN_DOCUMENTATION_COMMENTS = YES;
				CLANG_WARN_EMPTY_BODY = YES;
				CLANG_WARN_ENUM_CONVERSION = YES;
				CLANG_WARN_INFINITE_RECURSION = YES;
				CLANG_WARN_INT_CONVERSION = YES;
				CLANG_WARN_NON_LITERAL_NULL_CONVERSION = YES;
				CLANG_WARN_OBJC_IMPLICIT_RETAIN_SELF = YES;
				CLANG_WARN_OBJC_LITERAL_CONVERSION = YES;
				CLANG_WARN_OBJC_ROOT_CLASS = YES_ERROR;
				CLANG_WARN_QUOTED_INCLUDE_IN_FRAMEWORK_HEADER = YES;
				CLANG_WARN_RANGE_LOOP_ANALYSIS = YES;
				CLANG_WARN_STRICT_PROTOTYPES = YES;
				CLANG_WARN_SUSPICIOUS_MOVE = YES;
				CLANG_WARN_UNGUARDED_AVAILABILITY = YES_AGGRESSIVE;
				CLANG_WARN_UNREACHABLE_CODE = YES;
				CLANG_WARN__DUPLICATE_METHOD_MATCH = YES;
				COPY_PHASE_STRIP = NO;
				DEBUG_INFORMATION_FORMAT = dwarf;
				ENABLE_STRICT_OBJC_MSGSEND = YES;
				ENABLE_TESTABILITY = YES;
				ENABLE_USER_SCRIPT_SANDBOXING = YES;
				GCC_C_LANGUAGE_STANDARD = gnu17;
				GCC_DYNAMIC_NO_PIC = NO;
				GCC_NO_COMMON_BLOCKS = YES;
				GCC_OPTIMIZATION_LEVEL = 0;
				GCC_PREPROCESSOR_DEFINITIONS = (
					"DEBUG=1",
					"$(inherited)",
				);
				GCC_WARN_64_TO_32_BIT_CONVERSION = YES;
				GCC_WARN_ABOUT_RETURN_TYPE = YES_ERROR;
				GCC_WARN_UNDECLARED_SELECTOR = YES;
				GCC_WARN_UNINITIALIZED_AUTOS = YES_AGGRESSIVE;
				GCC_WARN_UNUSED_FUNCTION = YES;
				GCC_WARN_UNUSED_VARIABLE = YES;
				IPHONEOS_DEPLOYMENT_TARGET = 18.2;
				LOCALIZATION_PREFERS_STRING_CATALOGS = YES;
				MTL_ENABLE_DEBUG_INFO = INCLUDE_SOURCE;
				MTL_FAST_MATH = YES;
				ONLY_ACTIVE_ARCH = YES;
				SDKROOT = iphoneos;
				SWIFT_ACTIVE_COMPILATION_CONDITIONS = "DEBUG $(inherited)";
				SWIFT_OPTIMIZATION_LEVEL = "-Onone";
			};
			name = Debug;
		};
		8884C92D2D906DEF0035EF6F /* Release */ = {
			isa = XCBuildConfiguration;
			buildSettings = {
				ALWAYS_SEARCH_USER_PATHS = NO;
				ASSETCATALOG_COMPILER_GENERATE_SWIFT_ASSET_SYMBOL_EXTENSIONS = YES;
				CLANG_ANALYZER_NONNULL = YES;
				CLANG_ANALYZER_NUMBER_OBJECT_CONVERSION = YES_AGGRESSIVE;
				CLANG_CXX_LANGUAGE_STANDARD = "gnu++20";
				CLANG_ENABLE_MODULES = YES;
				CLANG_ENABLE_OBJC_ARC = YES;
				CLANG_ENABLE_OBJC_WEAK = YES;
				CLANG_WARN_BLOCK_CAPTURE_AUTORELEASING = YES;
				CLANG_WARN_BOOL_CONVERSION = YES;
				CLANG_WARN_COMMA = YES;
				CLANG_WARN_CONSTANT_CONVERSION = YES;
				CLANG_WARN_DEPRECATED_OBJC_IMPLEMENTATIONS = YES;
				CLANG_WARN_DIRECT_OBJC_ISA_USAGE = YES_ERROR;
				CLANG_WARN_DOCUMENTATION_COMMENTS = YES;
				CLANG_WARN_EMPTY_BODY = YES;
				CLANG_WARN_ENUM_CONVERSION = YES;
				CLANG_WARN_INFINITE_RECURSION = YES;
				CLANG_WARN_INT_CONVERSION = YES;
				CLANG_WARN_NON_LITERAL_NULL_CONVERSION = YES;
				CLANG_WARN_OBJC_IMPLICIT_RETAIN_SELF = YES;
				CLANG_WARN_OBJC_LITERAL_CONVERSION = YES;
				CLANG_WARN_OBJC_ROOT_CLASS = YES_ERROR;
				CLANG_WARN_QUOTED_INCLUDE_IN_FRAMEWORK_HEADER = YES;
				CLANG_WARN_RANGE_LOOP_ANALYSIS = YES;
				CLANG_WARN_STRICT_PROTOTYPES = YES;
				CLANG_WARN_SUSPICIOUS_MOVE = YES;
				CLANG_WARN_UNGUARDED_AVAILABILITY = YES_AGGRESSIVE;
				CLANG_WARN_UNREACHABLE_CODE = YES;
				CLANG_WARN__DUPLICATE_METHOD_MATCH = YES;
				COPY_PHASE_STRIP = NO;
				DEBUG_INFORMATION_FORMAT = "dwarf-with-dsym";
				ENABLE_NS_ASSERTIONS = NO;
				ENABLE_STRICT_OBJC_MSGSEND = YES;
				ENABLE_USER_SCRIPT_SANDBOXING = YES;
				GCC_C_LANGUAGE_STANDARD = gnu17;
				GCC_NO_COMMON_BLOCKS = YES;
				GCC_WARN_64_TO_32_BIT_CONVERSION = YES;
				GCC_WARN_ABOUT_RETURN_TYPE = YES_ERROR;
				GCC_WARN_UNDECLARED_SELECTOR = YES;
				GCC_WARN_UNINITIALIZED_AUTOS = YES_AGGRESSIVE;
				GCC_WARN_UNUSED_FUNCTION = YES;
				GCC_WARN_UNUSED_VARIABLE = YES;
				IPHONEOS_DEPLOYMENT_TARGET = 18.2;
				LOCALIZATION_PREFERS_STRING_CATALOGS = YES;
				MTL_ENABLE_DEBUG_INFO = NO;
				MTL_FAST_MATH = YES;
				SDKROOT = iphoneos;
				SWIFT_COMPILATION_MODE = wholemodule;
				VALIDATE_PRODUCT = YES;
			};
			name = Release;
		};
		8884C92F2D906DEF0035EF6F /* Debug */ = {
			isa = XCBuildConfiguration;
			buildSettings = {
				ASSETCATALOG_COMPILER_APPICON_NAME = AppIcon;
				ASSETCATALOG_COMPILER_GLOBAL_ACCENT_COLOR_NAME = AccentColor;
				CODE_SIGN_STYLE = Automatic;
				CURRENT_PROJECT_VERSION = 1;
				DEVELOPMENT_ASSET_PATHS = "\"PokemonCards/Preview Content\"";
				DEVELOPMENT_TEAM = 8JSPBLZJX6;
				ENABLE_PREVIEWS = YES;
				GENERATE_INFOPLIST_FILE = YES;
				INFOPLIST_KEY_UIApplicationSceneManifest_Generation = YES;
				INFOPLIST_KEY_UIApplicationSupportsIndirectInputEvents = YES;
				INFOPLIST_KEY_UILaunchScreen_Generation = YES;
				INFOPLIST_KEY_UISupportedInterfaceOrientations_iPad = "UIInterfaceOrientationPortrait UIInterfaceOrientationPortraitUpsideDown UIInterfaceOrientationLandscapeLeft UIInterfaceOrientationLandscapeRight";
				INFOPLIST_KEY_UISupportedInterfaceOrientations_iPhone = "UIInterfaceOrientationPortrait UIInterfaceOrientationLandscapeLeft UIInterfaceOrientationLandscapeRight";
				LD_RUNPATH_SEARCH_PATHS = (
					"$(inherited)",
					"@executable_path/Frameworks",
				);
				MARKETING_VERSION = 1.0;
				PRODUCT_BUNDLE_IDENTIFIER = rafaelsantos.PokemonCards;
				PRODUCT_NAME = "$(TARGET_NAME)";
				SWIFT_EMIT_LOC_STRINGS = YES;
				SWIFT_VERSION = 5.0;
				TARGETED_DEVICE_FAMILY = "1,2";
			};
			name = Debug;
		};
		8884C9302D906DEF0035EF6F /* Release */ = {
			isa = XCBuildConfiguration;
			buildSettings = {
				ASSETCATALOG_COMPILER_APPICON_NAME = AppIcon;
				ASSETCATALOG_COMPILER_GLOBAL_ACCENT_COLOR_NAME = AccentColor;
				CODE_SIGN_STYLE = Automatic;
				CURRENT_PROJECT_VERSION = 1;
				DEVELOPMENT_ASSET_PATHS = "\"PokemonCards/Preview Content\"";
				DEVELOPMENT_TEAM = 8JSPBLZJX6;
				ENABLE_PREVIEWS = YES;
				GENERATE_INFOPLIST_FILE = YES;
				INFOPLIST_KEY_UIApplicationSceneManifest_Generation = YES;
				INFOPLIST_KEY_UIApplicationSupportsIndirectInputEvents = YES;
				INFOPLIST_KEY_UILaunchScreen_Generation = YES;
				INFOPLIST_KEY_UISupportedInterfaceOrientations_iPad = "UIInterfaceOrientationPortrait UIInterfaceOrientationPortraitUpsideDown UIInterfaceOrientationLandscapeLeft UIInterfaceOrientationLandscapeRight";
				INFOPLIST_KEY_UISupportedInterfaceOrientations_iPhone = "UIInterfaceOrientationPortrait UIInterfaceOrientationLandscapeLeft UIInterfaceOrientationLandscapeRight";
				LD_RUNPATH_SEARCH_PATHS = (
					"$(inherited)",
					"@executable_path/Frameworks",
				);
				MARKETING_VERSION = 1.0;
				PRODUCT_BUNDLE_IDENTIFIER = rafaelsantos.PokemonCards;
				PRODUCT_NAME = "$(TARGET_NAME)";
				SWIFT_EMIT_LOC_STRINGS = YES;
				SWIFT_VERSION = 5.0;
				TARGETED_DEVICE_FAMILY = "1,2";
			};
			name = Release;
		};
		8884C9322D906DEF0035EF6F /* Debug */ = {
			isa = XCBuildConfiguration;
			buildSettings = {
				BUNDLE_LOADER = "$(TEST_HOST)";
				CODE_SIGN_STYLE = Automatic;
				CURRENT_PROJECT_VERSION = 1;
				DEVELOPMENT_TEAM = 8JSPBLZJX6;
				GENERATE_INFOPLIST_FILE = YES;
				IPHONEOS_DEPLOYMENT_TARGET = 18.2;
				MARKETING_VERSION = 1.0;
				PRODUCT_BUNDLE_IDENTIFIER = rafaelsantos.PokemonCardsTests;
				PRODUCT_NAME = "$(TARGET_NAME)";
				SWIFT_EMIT_LOC_STRINGS = NO;
				SWIFT_VERSION = 5.0;
				TARGETED_DEVICE_FAMILY = "1,2";
				TEST_HOST = "$(BUILT_PRODUCTS_DIR)/PokemonCards.app/$(BUNDLE_EXECUTABLE_FOLDER_PATH)/PokemonCards";
			};
			name = Debug;
		};
		8884C9332D906DEF0035EF6F /* Release */ = {
			isa = XCBuildConfiguration;
			buildSettings = {
				BUNDLE_LOADER = "$(TEST_HOST)";
				CODE_SIGN_STYLE = Automatic;
				CURRENT_PROJECT_VERSION = 1;
				DEVELOPMENT_TEAM = 8JSPBLZJX6;
				GENERATE_INFOPLIST_FILE = YES;
				IPHONEOS_DEPLOYMENT_TARGET = 18.2;
				MARKETING_VERSION = 1.0;
				PRODUCT_BUNDLE_IDENTIFIER = rafaelsantos.PokemonCardsTests;
				PRODUCT_NAME = "$(TARGET_NAME)";
				SWIFT_EMIT_LOC_STRINGS = NO;
				SWIFT_VERSION = 5.0;
				TARGETED_DEVICE_FAMILY = "1,2";
				TEST_HOST = "$(BUILT_PRODUCTS_DIR)/PokemonCards.app/$(BUNDLE_EXECUTABLE_FOLDER_PATH)/PokemonCards";
			};
			name = Release;
		};
		8884C9352D906DEF0035EF6F /* Debug */ = {
			isa = XCBuildConfiguration;
			buildSettings = {
				CODE_SIGN_STYLE = Automatic;
				CURRENT_PROJECT_VERSION = 1;
				DEVELOPMENT_TEAM = 8JSPBLZJX6;
				GENERATE_INFOPLIST_FILE = YES;
				MARKETING_VERSION = 1.0;
				PRODUCT_BUNDLE_IDENTIFIER = rafaelsantos.PokemonCardsUITests;
				PRODUCT_NAME = "$(TARGET_NAME)";
				SWIFT_EMIT_LOC_STRINGS = NO;
				SWIFT_VERSION = 5.0;
				TARGETED_DEVICE_FAMILY = "1,2";
				TEST_TARGET_NAME = PokemonCards;
			};
			name = Debug;
		};
		8884C9362D906DEF0035EF6F /* Release */ = {
			isa = XCBuildConfiguration;
			buildSettings = {
				CODE_SIGN_STYLE = Automatic;
				CURRENT_PROJECT_VERSION = 1;
				DEVELOPMENT_TEAM = 8JSPBLZJX6;
				GENERATE_INFOPLIST_FILE = YES;
				MARKETING_VERSION = 1.0;
				PRODUCT_BUNDLE_IDENTIFIER = rafaelsantos.PokemonCardsUITests;
				PRODUCT_NAME = "$(TARGET_NAME)";
				SWIFT_EMIT_LOC_STRINGS = NO;
				SWIFT_VERSION = 5.0;
				TARGETED_DEVICE_FAMILY = "1,2";
				TEST_TARGET_NAME = PokemonCards;
			};
			name = Release;
		};
/* End XCBuildConfiguration section */

/* Begin XCConfigurationList section */
		8884C9052D906DEE0035EF6F /* Build configuration list for PBXProject "PokemonCards" */ = {
			isa = XCConfigurationList;
			buildConfigurations = (
				8884C92C2D906DEF0035EF6F /* Debug */,
				8884C92D2D906DEF0035EF6F /* Release */,
			);
			defaultConfigurationIsVisible = 0;
			defaultConfigurationName = Release;
		};
		8884C92E2D906DEF0035EF6F /* Build configuration list for PBXNativeTarget "PokemonCards" */ = {
			isa = XCConfigurationList;
			buildConfigurations = (
				8884C92F2D906DEF0035EF6F /* Debug */,
				8884C9302D906DEF0035EF6F /* Release */,
			);
			defaultConfigurationIsVisible = 0;
			defaultConfigurationName = Release;
		};
		8884C9312D906DEF0035EF6F /* Build configuration list for PBXNativeTarget "PokemonCardsTests" */ = {
			isa = XCConfigurationList;
			buildConfigurations = (
				8884C9322D906DEF0035EF6F /* Debug */,
				8884C9332D906DEF0035EF6F /* Release */,
			);
			defaultConfigurationIsVisible = 0;
			defaultConfigurationName = Release;
		};
		8884C9342D906DEF0035EF6F /* Build configuration list for PBXNativeTarget "PokemonCardsUITests" */ = {
			isa = XCConfigurationList;
			buildConfigurations = (
				8884C9352D906DEF0035EF6F /* Debug */,
				8884C9362D906DEF0035EF6F /* Release */,
			);
			defaultConfigurationIsVisible = 0;
			defaultConfigurationName = Release;
		};
/* End XCConfigurationList section */
	};
	rootObject = 8884C9022D906DEE0035EF6F /* Project object */;
}
